
Microsoft Visual Studio Solution File, Format Version 12.00
# Visual Studio Version 17
VisualStudioVersion = 17.6.33815.320
MinimumVisualStudioVersion = 10.0.40219.1
Project("{FAE04EC0-301F-11D3-BF4B-00C04F79EFBC}") = "UploadToMongodb", "UploadToMongodb\UploadToMongodb.csproj", "{9DE08A2F-A61A-4D96-8BF9-F3775B81963F}"
EndProject
Global
	GlobalSection(SolutionConfigurationPlatforms) = preSolution
		Debug|Any CPU = Debug|Any CPU
		Release|Any CPU = Release|Any CPU
	EndGlobalSection
	GlobalSection(ProjectConfigurationPlatforms) = postSolution
		{9DE08A2F-A61A-4D96-8BF9-F3775B81963F}.Debug|Any CPU.ActiveCfg = Debug|Any CPU
		{9DE08A2F-A61A-4D96-8BF9-F3775B81963F}.Debug|Any CPU.Build.0 = Debug|Any CPU
		{9DE08A2F-A61A-4D96-8BF9-F3775B81963F}.Release|Any CPU.ActiveCfg = Release|Any CPU
		{9DE08A2F-A61A-4D96-8BF9-F3775B81963F}.Release|Any CPU.Build.0 = Release|Any CPU
	EndGlobalSection
	GlobalSection(SolutionProperties) = preSolution
		HideSolutionNode = FALSE
	EndGlobalSection
	GlobalSection(ExtensibilityGlobals) = postSolution
		SolutionGuid = {E9FE4141-F717-4287-BC84-970E4E6BF2A3}
	EndGlobalSection
EndGlobal
